
Microsoft Visual Studio Solution File, Format Version 12.00
# Visual Studio Version 16
VisualStudioVersion = 16.0.30128.74
MinimumVisualStudioVersion = 10.0.40219.1
Project("{FAE04EC0-301F-11D3-BF4B-00C04F79EFBC}") = "hospitalapi", "hospitalapi\hospitalapi.csproj", "{5C7D4CEF-4F0C-4B74-AA72-A88E649A6A3E}"
EndProject
Global
	GlobalSection(SolutionConfigurationPlatforms) = preSolution
		Debug|Any CPU = Debug|Any CPU
		Release|Any CPU = Release|Any CPU
	EndGlobalSection
	GlobalSection(ProjectConfigurationPlatforms) = postSolution
		{5C7D4CEF-4F0C-4B74-AA72-A88E649A6A3E}.Debug|Any CPU.ActiveCfg = Debug|Any CPU
		{5C7D4CEF-4F0C-4B74-AA72-A88E649A6A3E}.Debug|Any CPU.Build.0 = Debug|Any CPU
		{5C7D4CEF-4F0C-4B74-AA72-A88E649A6A3E}.Release|Any CPU.ActiveCfg = Release|Any CPU
		{5C7D4CEF-4F0C-4B74-AA72-A88E649A6A3E}.Release|Any CPU.Build.0 = Release|Any CPU
	EndGlobalSection
	GlobalSection(SolutionProperties) = preSolution
		HideSolutionNode = FALSE
	EndGlobalSection
	GlobalSection(ExtensibilityGlobals) = postSolution
		SolutionGuid = {AB3CCA90-B59D-4612-B786-F1C13F943C32}
	EndGlobalSection
EndGlobal
